
Microsoft Visual Studio Solution File, Format Version 12.00
# Visual Studio Version 16
VisualStudioVersion = 16.0.31727.386
MinimumVisualStudioVersion = 10.0.40219.1
Project("{9A19103F-16F7-4668-BE54-9A1E7A4F7556}") = "D2P0JX_HFT_2021221.Client", "D2P0JX_HFT_2021221.Client\D2P0JX_HFT_2021221.Client.csproj", "{275D54AE-A608-4198-845B-ABAE9B862E5C}"
EndProject
Project("{9A19103F-16F7-4668-BE54-9A1E7A4F7556}") = "D2P0JX_HFT_2021221.Endpoint", "D2P0JX_HFT_2021221.Endpoint\D2P0JX_HFT_2021221.Endpoint.csproj", "{2509C20D-85DD-4E55-94E6-24782CC2FEA0}"
EndProject
Project("{9A19103F-16F7-4668-BE54-9A1E7A4F7556}") = "D2P0JX_HFT_2021221.Models", "D2P0JX_HFT_2021221.Models\D2P0JX_HFT_2021221.Models.csproj", "{E9FA3475-0F59-4F53-8749-36EAAD7F1DA7}"
EndProject
Project("{9A19103F-16F7-4668-BE54-9A1E7A4F7556}") = "D2P0JX_HFT_2021221.Data", "D2P0JX_HFT_2021221.Data\D2P0JX_HFT_2021221.Data.csproj", "{EB201EB3-0498-4E0C-97DC-FDDEF6AE88BA}"
EndProject
Project("{9A19103F-16F7-4668-BE54-9A1E7A4F7556}") = "D2P0JX_HFT_2021221.Logic", "D2P0JX_HFT_2021221.Logic\D2P0JX_HFT_2021221.Logic.csproj", "{09155D81-AC4A-4665-A8AF-2C6610B556AC}"
EndProject
Project("{9A19103F-16F7-4668-BE54-9A1E7A4F7556}") = "D2P0JX_HFT_2021221.Repository", "D2P0JX_HFT_2021221.Repository\D2P0JX_HFT_2021221.Repository.csproj", "{74828DAF-3BB9-438E-8D76-1D29E5F8E925}"
EndProject
Project("{9A19103F-16F7-4668-BE54-9A1E7A4F7556}") = "D2P0JX_HFT_2021221.Test", "D2P0JX_HFT_2021221.Test\D2P0JX_HFT_2021221.Test.csproj", "{039A42B8-7D76-48CC-BD61-A286901FEB1D}"
EndProject
Project("{2150E333-8FDC-42A3-9474-1A3956D46DE8}") = "Frontend", "Frontend", "{98788EA2-2366-4A88-AF24-45E2263EAB73}"
EndProject
Project("{2150E333-8FDC-42A3-9474-1A3956D46DE8}") = "Backend", "Backend", "{8A98A9C1-A8E1-415F-B409-C45E9ED52D8A}"
EndProject
Project("{2150E333-8FDC-42A3-9474-1A3956D46DE8}") = "Shared", "Shared", "{1FA48C25-1FC5-44AB-9C03-02FB4AAA1CFA}"
EndProject
Project("{2150E333-8FDC-42A3-9474-1A3956D46DE8}") = "Others", "Others", "{DCF072B9-E886-482E-9953-BC182FA23A12}"
	ProjectSection(SolutionItems) = preProject
		.gitignore = .gitignore
	EndProjectSection
EndProject
Global
	GlobalSection(SolutionConfigurationPlatforms) = preSolution
		Debug|Any CPU = Debug|Any CPU
		Release|Any CPU = Release|Any CPU
	EndGlobalSection
	GlobalSection(ProjectConfigurationPlatforms) = postSolution
		{275D54AE-A608-4198-845B-ABAE9B862E5C}.Debug|Any CPU.ActiveCfg = Debug|Any CPU
		{275D54AE-A608-4198-845B-ABAE9B862E5C}.Debug|Any CPU.Build.0 = Debug|Any CPU
		{275D54AE-A608-4198-845B-ABAE9B862E5C}.Release|Any CPU.ActiveCfg = Release|Any CPU
		{275D54AE-A608-4198-845B-ABAE9B862E5C}.Release|Any CPU.Build.0 = Release|Any CPU
		{2509C20D-85DD-4E55-94E6-24782CC2FEA0}.Debug|Any CPU.ActiveCfg = Debug|Any CPU
		{2509C20D-85DD-4E55-94E6-24782CC2FEA0}.Debug|Any CPU.Build.0 = Debug|Any CPU
		{2509C20D-85DD-4E55-94E6-24782CC2FEA0}.Release|Any CPU.ActiveCfg = Release|Any CPU
		{2509C20D-85DD-4E55-94E6-24782CC2FEA0}.Release|Any CPU.Build.0 = Release|Any CPU
		{E9FA3475-0F59-4F53-8749-36EAAD7F1DA7}.Debug|Any CPU.ActiveCfg = Debug|Any CPU
		{E9FA3475-0F59-4F53-8749-36EAAD7F1DA7}.Debug|Any CPU.Build.0 = Debug|Any CPU
		{E9FA3475-0F59-4F53-8749-36EAAD7F1DA7}.Release|Any CPU.ActiveCfg = Release|Any CPU
		{E9FA3475-0F59-4F53-8749-36EAAD7F1DA7}.Release|Any CPU.Build.0 = Release|Any CPU
		{EB201EB3-0498-4E0C-97DC-FDDEF6AE88BA}.Debug|Any CPU.ActiveCfg = Debug|Any CPU
		{EB201EB3-0498-4E0C-97DC-FDDEF6AE88BA}.Debug|Any CPU.Build.0 = Debug|Any CPU
		{EB201EB3-0498-4E0C-97DC-FDDEF6AE88BA}.Release|Any CPU.ActiveCfg = Release|Any CPU
		{EB201EB3-0498-4E0C-97DC-FDDEF6AE88BA}.Release|Any CPU.Build.0 = Release|Any CPU
		{09155D81-AC4A-4665-A8AF-2C6610B556AC}.Debug|Any CPU.ActiveCfg = Debug|Any CPU
		{09155D81-AC4A-4665-A8AF-2C6610B556AC}.Debug|Any CPU.Build.0 = Debug|Any CPU
		{09155D81-AC4A-4665-A8AF-2C6610B556AC}.Release|Any CPU.ActiveCfg = Release|Any CPU
		{09155D81-AC4A-4665-A8AF-2C6610B556AC}.Release|Any CPU.Build.0 = Release|Any CPU
		{74828DAF-3BB9-438E-8D76-1D29E5F8E925}.Debug|Any CPU.ActiveCfg = Debug|Any CPU
		{74828DAF-3BB9-438E-8D76-1D29E5F8E925}.Debug|Any CPU.Build.0 = Debug|Any CPU
		{74828DAF-3BB9-438E-8D76-1D29E5F8E925}.Release|Any CPU.ActiveCfg = Release|Any CPU
		{74828DAF-3BB9-438E-8D76-1D29E5F8E925}.Release|Any CPU.Build.0 = Release|Any CPU
		{039A42B8-7D76-48CC-BD61-A286901FEB1D}.Debug|Any CPU.ActiveCfg = Debug|Any CPU
		{039A42B8-7D76-48CC-BD61-A286901FEB1D}.Debug|Any CPU.Build.0 = Debug|Any CPU
		{039A42B8-7D76-48CC-BD61-A286901FEB1D}.Release|Any CPU.ActiveCfg = Release|Any CPU
		{039A42B8-7D76-48CC-BD61-A286901FEB1D}.Release|Any CPU.Build.0 = Release|Any CPU
	EndGlobalSection
	GlobalSection(SolutionProperties) = preSolution
		HideSolutionNode = FALSE
	EndGlobalSection
	GlobalSection(NestedProjects) = preSolution
		{275D54AE-A608-4198-845B-ABAE9B862E5C} = {98788EA2-2366-4A88-AF24-45E2263EAB73}
		{2509C20D-85DD-4E55-94E6-24782CC2FEA0} = {8A98A9C1-A8E1-415F-B409-C45E9ED52D8A}
		{E9FA3475-0F59-4F53-8749-36EAAD7F1DA7} = {1FA48C25-1FC5-44AB-9C03-02FB4AAA1CFA}
		{EB201EB3-0498-4E0C-97DC-FDDEF6AE88BA} = {8A98A9C1-A8E1-415F-B409-C45E9ED52D8A}
		{09155D81-AC4A-4665-A8AF-2C6610B556AC} = {8A98A9C1-A8E1-415F-B409-C45E9ED52D8A}
		{74828DAF-3BB9-438E-8D76-1D29E5F8E925} = {8A98A9C1-A8E1-415F-B409-C45E9ED52D8A}
		{039A42B8-7D76-48CC-BD61-A286901FEB1D} = {8A98A9C1-A8E1-415F-B409-C45E9ED52D8A}
	EndGlobalSection
	GlobalSection(ExtensibilityGlobals) = postSolution
		SolutionGuid = {A7B9F72C-38B8-4AAF-8D33-3379735D7D49}
	EndGlobalSection
EndGlobal
